
Microsoft Visual Studio Solution File, Format Version 12.00
# Visual Studio Version 17
VisualStudioVersion = 17.5.002.0
MinimumVisualStudioVersion = 10.0.40219.1
Project("{9A19103F-16F7-4668-BE54-9A1E7A4F7556}") = "Game-Forest-Test-Task", "Game-Forest-Test-Task.csproj", "{2EE8668D-7A79-48A2-90BC-8E711DD6C9A9}"
EndProject
Global
	GlobalSection(SolutionConfigurationPlatforms) = preSolution
		Debug|Any CPU = Debug|Any CPU
		Release|Any CPU = Release|Any CPU
	EndGlobalSection
	GlobalSection(ProjectConfigurationPlatforms) = postSolution
		{2EE8668D-7A79-48A2-90BC-8E711DD6C9A9}.Debug|Any CPU.ActiveCfg = Debug|Any CPU
		{2EE8668D-7A79-48A2-90BC-8E711DD6C9A9}.Debug|Any CPU.Build.0 = Debug|Any CPU
		{2EE8668D-7A79-48A2-90BC-8E711DD6C9A9}.Release|Any CPU.ActiveCfg = Release|Any CPU
		{2EE8668D-7A79-48A2-90BC-8E711DD6C9A9}.Release|Any CPU.Build.0 = Release|Any CPU
	EndGlobalSection
	GlobalSection(SolutionProperties) = preSolution
		HideSolutionNode = FALSE
	EndGlobalSection
	GlobalSection(ExtensibilityGlobals) = postSolution
		SolutionGuid = {D21212A0-75D6-4CA3-9E83-9D4CE9FD898B}
	EndGlobalSection
EndGlobal
